PODS:
  - ActionCableClient (0.2.3):
    - Starscream (~> 2.0.0)
  - NextGrowingTextView (0.8.5)
  - SnapKit (3.2.0)
  - Starscream (2.0.3)
  - SwiftSocket (2.0.1)
  - SwiftyJSON (3.1.4)

DEPENDENCIES:
  - ActionCableClient
  - NextGrowingTextView
  - SnapKit
  - SwiftSocket
  - SwiftyJSON

SPEC CHECKSUMS:
  ActionCableClient: c8a466410d31bfa14e7a9c209b539c1e2d026a5f
  NextGrowingTextView: 3cc930a03c5979071244af42bcc81360d7453323
  SnapKit: 1ca44df72cfa543218d177cb8aab029d10d86ea7
  Starscream: 3fdd5c277e57cca6b5c406d274e3f34a7c88f2ce
  SwiftSocket: 2d814afdc97c89217982f86fd036c1874134a63f
  SwiftyJSON: c2842d878f95482ffceec5709abc3d05680c0220

PODFILE CHECKSUM: 406144338f49b2b53e3c7af9318f2c09f6a5b673

COCOAPODS: 1.2.0
