PODS:
  - SwiftSocket (2.0.1)
  - SwiftyJSON (3.1.4)

DEPENDENCIES:
  - SwiftSocket
  - SwiftyJSON

SPEC CHECKSUMS:
  SwiftSocket: 2d814afdc97c89217982f86fd036c1874134a63f
  SwiftyJSON: c2842d878f95482ffceec5709abc3d05680c0220

PODFILE CHECKSUM: e33235470061d13a5793ae4f680b6f332545cf98

COCOAPODS: 1.2.0
